
Microsoft Visual Studio Solution File, Format Version 12.00
# Visual Studio Version 17
VisualStudioVersion = 17.5.33516.290
MinimumVisualStudioVersion = 10.0.40219.1
Project("{9A19103F-16F7-4668-BE54-9A1E7A4F7556}") = "PresentationLayer", "Diplomeen\PresentationLayer.csproj", "{C5E7A83B-5D69-4E38-9987-22895BED7296}"
EndProject
Project("{9A19103F-16F7-4668-BE54-9A1E7A4F7556}") = "BusinessLayer", "BusinessLayer\BusinessLayer.csproj", "{79195CA9-6788-4C7C-89BE-9490644C0565}"
EndProject
Project("{9A19103F-16F7-4668-BE54-9A1E7A4F7556}") = "DataLayer", "DataLayer\DataLayer.csproj", "{35632AAE-5814-432C-81DD-7E142C7131F7}"
EndProject
Project("{9A19103F-16F7-4668-BE54-9A1E7A4F7556}") = "ServiceLayer", "ServiceLayer\ServiceLayer.csproj", "{AFA82412-74BF-49A6-9A79-FC56E98E9585}"
EndProject
Global
	GlobalSection(SolutionConfigurationPlatforms) = preSolution
		Debug|Any CPU = Debug|Any CPU
		Release|Any CPU = Release|Any CPU
	EndGlobalSection
	GlobalSection(ProjectConfigurationPlatforms) = postSolution
		{C5E7A83B-5D69-4E38-9987-22895BED7296}.Debug|Any CPU.ActiveCfg = Debug|Any CPU
		{C5E7A83B-5D69-4E38-9987-22895BED7296}.Debug|Any CPU.Build.0 = Debug|Any CPU
		{C5E7A83B-5D69-4E38-9987-22895BED7296}.Release|Any CPU.ActiveCfg = Release|Any CPU
		{C5E7A83B-5D69-4E38-9987-22895BED7296}.Release|Any CPU.Build.0 = Release|Any CPU
		{79195CA9-6788-4C7C-89BE-9490644C0565}.Debug|Any CPU.ActiveCfg = Debug|Any CPU
		{79195CA9-6788-4C7C-89BE-9490644C0565}.Debug|Any CPU.Build.0 = Debug|Any CPU
		{79195CA9-6788-4C7C-89BE-9490644C0565}.Release|Any CPU.ActiveCfg = Release|Any CPU
		{79195CA9-6788-4C7C-89BE-9490644C0565}.Release|Any CPU.Build.0 = Release|Any CPU
		{35632AAE-5814-432C-81DD-7E142C7131F7}.Debug|Any CPU.ActiveCfg = Debug|Any CPU
		{35632AAE-5814-432C-81DD-7E142C7131F7}.Debug|Any CPU.Build.0 = Debug|Any CPU
		{35632AAE-5814-432C-81DD-7E142C7131F7}.Release|Any CPU.ActiveCfg = Release|Any CPU
		{35632AAE-5814-432C-81DD-7E142C7131F7}.Release|Any CPU.Build.0 = Release|Any CPU
		{AFA82412-74BF-49A6-9A79-FC56E98E9585}.Debug|Any CPU.ActiveCfg = Debug|Any CPU
		{AFA82412-74BF-49A6-9A79-FC56E98E9585}.Debug|Any CPU.Build.0 = Debug|Any CPU
		{AFA82412-74BF-49A6-9A79-FC56E98E9585}.Release|Any CPU.ActiveCfg = Release|Any CPU
		{AFA82412-74BF-49A6-9A79-FC56E98E9585}.Release|Any CPU.Build.0 = Release|Any CPU
	EndGlobalSection
	GlobalSection(SolutionProperties) = preSolution
		HideSolutionNode = FALSE
	EndGlobalSection
	GlobalSection(ExtensibilityGlobals) = postSolution
		SolutionGuid = {6C52AF73-106B-4E6B-8128-A112428EC6B3}
	EndGlobalSection
EndGlobal
